<?xml version="1.0" encoding="utf-8"?>
<Project ToolsVersion="17.0" xmlns="http://schemas.microsoft.com/developer/msbuild/2003">
  <ItemGroup>
    <CustomBuild Include="D:\Projects\weather\artificial_rains\windows\CMakeFiles\2d2b63901e99db25d9ac5ea5ac19ee5a\INSTALL_force.rule">
      <Filter>CMake Rules</Filter>
    </CustomBuild>
  </ItemGroup>
  <ItemGroup>
    <Filter Include="CMake Rules">
      <UniqueIdentifier>{3D987057-0BEA-385A-AAAF-B305BC9CF505}</UniqueIdentifier>
    </Filter>
  </ItemGroup>
</Project>
