
Microsoft Visual Studio Solution File, Format Version 12.00
# Visual Studio Version 17
Project("{8BC9CEB8-8B4A-11D0-8D11-00A0C91BC942}") = "ALL_BUILD", "ALL_BUILD.vcxproj", "{2521DD26-61F9-30C5-90DA-67D2A3C2E0F1}"
	ProjectSection(ProjectDependencies) = postProject
		{610AA632-11C2-3CDF-8542-81423B6EEACC} = {610AA632-11C2-3CDF-8542-81423B6EEACC}
		{B14B9092-C134-357A-AD7F-A85E77559EBD} = {B14B9092-C134-357A-AD7F-A85E77559EBD}
	EndProjectSection
EndProject
Project("{8BC9CEB8-8B4A-11D0-8D11-00A0C91BC942}") = "INSTALL", "INSTALL.vcxproj", "{2E990038-687D-39D1-A826-C9617EF6958B}"
	ProjectSection(ProjectDependencies) = postProject
		{2521DD26-61F9-30C5-90DA-67D2A3C2E0F1} = {2521DD26-61F9-30C5-90DA-67D2A3C2E0F1}
		{610AA632-11C2-3CDF-8542-81423B6EEACC} = {610AA632-11C2-3CDF-8542-81423B6EEACC}
	EndProjectSection
EndProject
Project("{8BC9CEB8-8B4A-11D0-8D11-00A0C91BC942}") = "ZERO_CHECK", "..\\ZERO_CHECK.vcxproj", "{610AA632-11C2-3CDF-8542-81423B6EEACC}"
	ProjectSection(ProjectDependencies) = postProject
	EndProjectSection
EndProject
Project("{8BC9CEB8-8B4A-11D0-8D11-00A0C91BC942}") = "artificial_rains", "artificial_rains.vcxproj", "{B14B9092-C134-357A-AD7F-A85E77559EBD}"
	ProjectSection(ProjectDependencies) = postProject
		{610AA632-11C2-3CDF-8542-81423B6EEACC} = {610AA632-11C2-3CDF-8542-81423B6EEACC}
		{32124826-295C-3A6E-87A0-BC2B765A4B03} = {32124826-295C-3A6E-87A0-BC2B765A4B03}
		{F61E7438-F01E-30D6-B0F3-7135773FE099} = {F61E7438-F01E-30D6-B0F3-7135773FE099}
	EndProjectSection
EndProject
Project("{8BC9CEB8-8B4A-11D0-8D11-00A0C91BC942}") = "flutter_assemble", "..\flutter\flutter_assemble.vcxproj", "{32124826-295C-3A6E-87A0-BC2B765A4B03}"
	ProjectSection(ProjectDependencies) = postProject
		{610AA632-11C2-3CDF-8542-81423B6EEACC} = {610AA632-11C2-3CDF-8542-81423B6EEACC}
	EndProjectSection
EndProject
Project("{8BC9CEB8-8B4A-11D0-8D11-00A0C91BC942}") = "flutter_wrapper_app", "..\flutter\flutter_wrapper_app.vcxproj", "{F61E7438-F01E-30D6-B0F3-7135773FE099}"
	ProjectSection(ProjectDependencies) = postProject
		{610AA632-11C2-3CDF-8542-81423B6EEACC} = {610AA632-11C2-3CDF-8542-81423B6EEACC}
		{32124826-295C-3A6E-87A0-BC2B765A4B03} = {32124826-295C-3A6E-87A0-BC2B765A4B03}
	EndProjectSection
EndProject
Global
	GlobalSection(SolutionConfigurationPlatforms) = preSolution
		Debug|x64 = Debug|x64
		Profile|x64 = Profile|x64
		Release|x64 = Release|x64
	EndGlobalSection
	GlobalSection(ProjectConfigurationPlatforms) = postSolution
		{2521DD26-61F9-30C5-90DA-67D2A3C2E0F1}.Debug|x64.ActiveCfg = Debug|x64
		{2521DD26-61F9-30C5-90DA-67D2A3C2E0F1}.Debug|x64.Build.0 = Debug|x64
		{2521DD26-61F9-30C5-90DA-67D2A3C2E0F1}.Profile|x64.ActiveCfg = Profile|x64
		{2521DD26-61F9-30C5-90DA-67D2A3C2E0F1}.Profile|x64.Build.0 = Profile|x64
		{2521DD26-61F9-30C5-90DA-67D2A3C2E0F1}.Release|x64.ActiveCfg = Release|x64
		{2521DD26-61F9-30C5-90DA-67D2A3C2E0F1}.Release|x64.Build.0 = Release|x64
		{2E990038-687D-39D1-A826-C9617EF6958B}.Debug|x64.ActiveCfg = Debug|x64
		{2E990038-687D-39D1-A826-C9617EF6958B}.Profile|x64.ActiveCfg = Profile|x64
		{2E990038-687D-39D1-A826-C9617EF6958B}.Release|x64.ActiveCfg = Release|x64
		{610AA632-11C2-3CDF-8542-81423B6EEACC}.Debug|x64.ActiveCfg = Debug|x64
		{610AA632-11C2-3CDF-8542-81423B6EEACC}.Debug|x64.Build.0 = Debug|x64
		{610AA632-11C2-3CDF-8542-81423B6EEACC}.Profile|x64.ActiveCfg = Profile|x64
		{610AA632-11C2-3CDF-8542-81423B6EEACC}.Profile|x64.Build.0 = Profile|x64
		{610AA632-11C2-3CDF-8542-81423B6EEACC}.Release|x64.ActiveCfg = Release|x64
		{610AA632-11C2-3CDF-8542-81423B6EEACC}.Release|x64.Build.0 = Release|x64
		{B14B9092-C134-357A-AD7F-A85E77559EBD}.Debug|x64.ActiveCfg = Debug|x64
		{B14B9092-C134-357A-AD7F-A85E77559EBD}.Debug|x64.Build.0 = Debug|x64
		{B14B9092-C134-357A-AD7F-A85E77559EBD}.Profile|x64.ActiveCfg = Profile|x64
		{B14B9092-C134-357A-AD7F-A85E77559EBD}.Profile|x64.Build.0 = Profile|x64
		{B14B9092-C134-357A-AD7F-A85E77559EBD}.Release|x64.ActiveCfg = Release|x64
		{B14B9092-C134-357A-AD7F-A85E77559EBD}.Release|x64.Build.0 = Release|x64
		{32124826-295C-3A6E-87A0-BC2B765A4B03}.Debug|x64.ActiveCfg = Debug|x64
		{32124826-295C-3A6E-87A0-BC2B765A4B03}.Debug|x64.Build.0 = Debug|x64
		{32124826-295C-3A6E-87A0-BC2B765A4B03}.Profile|x64.ActiveCfg = Profile|x64
		{32124826-295C-3A6E-87A0-BC2B765A4B03}.Profile|x64.Build.0 = Profile|x64
		{32124826-295C-3A6E-87A0-BC2B765A4B03}.Release|x64.ActiveCfg = Release|x64
		{32124826-295C-3A6E-87A0-BC2B765A4B03}.Release|x64.Build.0 = Release|x64
		{F61E7438-F01E-30D6-B0F3-7135773FE099}.Debug|x64.ActiveCfg = Debug|x64
		{F61E7438-F01E-30D6-B0F3-7135773FE099}.Debug|x64.Build.0 = Debug|x64
		{F61E7438-F01E-30D6-B0F3-7135773FE099}.Profile|x64.ActiveCfg = Profile|x64
		{F61E7438-F01E-30D6-B0F3-7135773FE099}.Profile|x64.Build.0 = Profile|x64
		{F61E7438-F01E-30D6-B0F3-7135773FE099}.Release|x64.ActiveCfg = Release|x64
		{F61E7438-F01E-30D6-B0F3-7135773FE099}.Release|x64.Build.0 = Release|x64
	EndGlobalSection
	GlobalSection(ExtensibilityGlobals) = postSolution
		SolutionGuid = {96FFBE7A-9FBA-3988-A8D5-29A92F0407E5}
	EndGlobalSection
	GlobalSection(ExtensibilityAddIns) = postSolution
	EndGlobalSection
EndGlobal
